# generated by rye
# use `rye lock` or `rye sync` to update this lockfile
#
# last locked with the following flags:
#   pre: false
#   features: ["server"]
#   all-features: false
#   with-sources: false
#   generate-hashes: false
#   universal: false

-e file:.
alabaster==0.7.16
    # via sphinx
anyio==4.4.0
    # via httpx
    # via sse-starlette
    # via starlette
apischema==0.18.1
    # via gifnoc
authlib==1.3.1
    # via starbear
babel==2.15.0
    # via sphinx
blessed==1.20.0
    # via jurigged
certifi==2024.7.4
    # via httpcore
    # via httpx
    # via requests
cffi==1.16.0
    # via cryptography
charset-normalizer==3.3.2
    # via requests
click==8.1.7
    # via uvicorn
codefind==0.1.6
    # via jurigged
coverage==7.6.0
    # via pytest-cov
cryptography==43.0.0
    # via authlib
docutils==0.20.1
    # via sphinx
    # via sphinx-rtd-theme
gifnoc==0.3.4
    # via starbear
greenlet==3.0.3
    # via playwright
h11==0.14.0
    # via httpcore
    # via uvicorn
hrepr==0.7.3
    # via starbear
httpcore==1.0.5
    # via httpx
httpx==0.27.0
    # via starbear
idna==3.7
    # via anyio
    # via httpx
    # via requests
imagesize==1.4.1
    # via sphinx
iniconfig==2.0.0
    # via pytest
itsdangerous==2.2.0
    # via starbear
jinja2==3.1.4
    # via sphinx
jurigged==0.5.8
    # via starbear
lxml==5.2.2
    # via starbear
markupsafe==2.1.5
    # via jinja2
ovld==0.3.7
    # via gifnoc
    # via hrepr
    # via jurigged
packaging==24.1
    # via pytest
    # via sphinx
playwright==1.45.1
    # via pytest-playwright
pluggy==1.5.0
    # via pytest
pycparser==2.22
    # via cffi
pyee==11.1.0
    # via playwright
pygments==2.18.0
    # via sphinx
pytest==8.3.2
    # via pytest-base-url
    # via pytest-cov
    # via pytest-playwright
pytest-base-url==2.1.0
    # via pytest-playwright
pytest-cov==5.0.0
pytest-playwright==0.5.1
python-slugify==8.0.4
    # via pytest-playwright
pyyaml==6.0.1
    # via starbear
requests==2.32.3
    # via pytest-base-url
    # via sphinx
six==1.16.0
    # via blessed
sniffio==1.3.1
    # via anyio
    # via httpx
snowballstemmer==2.2.0
    # via sphinx
sphinx==7.4.7
    # via sphinx-rtd-theme
    # via sphinxcontrib-jquery
sphinx-rtd-theme==2.0.0
sphinxcontrib-applehelp==2.0.0
    # via sphinx
sphinxcontrib-devhelp==2.0.0
    # via sphinx
sphinxcontrib-htmlhelp==2.1.0
    # via sphinx
sphinxcontrib-jquery==4.1
    # via sphinx-rtd-theme
sphinxcontrib-jsmath==1.0.1
    # via sphinx
sphinxcontrib-qthelp==2.0.0
    # via sphinx
sphinxcontrib-serializinghtml==2.0.0
    # via sphinx
sse-starlette==2.1.2
    # via starbear
starlette==0.38.1
    # via sse-starlette
    # via starbear
text-unidecode==1.3
    # via python-slugify
typing-extensions==4.12.2
    # via pyee
urllib3==2.2.2
    # via requests
uv==0.2.32
uvicorn==0.30.3
    # via sse-starlette
    # via starbear
watchdog==4.0.1
    # via jurigged
    # via starbear
wcwidth==0.2.13
    # via blessed
websockets==12.0
    # via starbear
